
Microsoft Visual Studio Solution File, Format Version 12.00
# Visual Studio Version 17
VisualStudioVersion = 17.7.34031.279
MinimumVisualStudioVersion = 10.0.40219.1
Project("{FAE04EC0-301F-11D3-BF4B-00C04F79EFBC}") = "Which are in", "Which are in\Which are in.csproj", "{B1AAA8E9-BB24-41C0-9173-43F981A83E29}"
EndProject
Project("{2150E333-8FDC-42A3-9474-1A3956D46DE8}") = "Solution Items", "Solution Items", "{71533CCA-7396-4931-8265-3DB5E6108B22}"
	ProjectSection(SolutionItems) = preProject
		Instructions.txt = Instructions.txt
	EndProjectSection
EndProject
Global
	GlobalSection(SolutionConfigurationPlatforms) = preSolution
		Debug|Any CPU = Debug|Any CPU
		Release|Any CPU = Release|Any CPU
	EndGlobalSection
	GlobalSection(ProjectConfigurationPlatforms) = postSolution
		{B1AAA8E9-BB24-41C0-9173-43F981A83E29}.Debug|Any CPU.ActiveCfg = Debug|Any CPU
		{B1AAA8E9-BB24-41C0-9173-43F981A83E29}.Debug|Any CPU.Build.0 = Debug|Any CPU
		{B1AAA8E9-BB24-41C0-9173-43F981A83E29}.Release|Any CPU.ActiveCfg = Release|Any CPU
		{B1AAA8E9-BB24-41C0-9173-43F981A83E29}.Release|Any CPU.Build.0 = Release|Any CPU
	EndGlobalSection
	GlobalSection(SolutionProperties) = preSolution
		HideSolutionNode = FALSE
	EndGlobalSection
	GlobalSection(ExtensibilityGlobals) = postSolution
		SolutionGuid = {E34FA7A3-47FE-4737-A72B-F5C4D2660C0F}
	EndGlobalSection
EndGlobal
